
Microsoft Visual Studio Solution File, Format Version 12.00
# Visual Studio Version 17
VisualStudioVersion = 17.5.33424.131
MinimumVisualStudioVersion = 10.0.40219.1
Project("{9A19103F-16F7-4668-BE54-9A1E7A4F7556}") = "GenGlossary", "GenGlossary\GenGlossary.csproj", "{F80D42C5-41EC-45C4-BFCE-784C02C70C75}"
EndProject
Project("{9A19103F-16F7-4668-BE54-9A1E7A4F7556}") = "SquishTextFiles", "SquishTextFiles\SquishTextFiles.csproj", "{5ED7C147-D375-4E11-A0B8-4FB7692B7C51}"
EndProject
Global
	GlobalSection(SolutionConfigurationPlatforms) = preSolution
		Debug|Any CPU = Debug|Any CPU
		Release|Any CPU = Release|Any CPU
	EndGlobalSection
	GlobalSection(ProjectConfigurationPlatforms) = postSolution
		{F80D42C5-41EC-45C4-BFCE-784C02C70C75}.Debug|Any CPU.ActiveCfg = Debug|Any CPU
		{F80D42C5-41EC-45C4-BFCE-784C02C70C75}.Debug|Any CPU.Build.0 = Debug|Any CPU
		{F80D42C5-41EC-45C4-BFCE-784C02C70C75}.Release|Any CPU.ActiveCfg = Release|Any CPU
		{F80D42C5-41EC-45C4-BFCE-784C02C70C75}.Release|Any CPU.Build.0 = Release|Any CPU
		{5ED7C147-D375-4E11-A0B8-4FB7692B7C51}.Debug|Any CPU.ActiveCfg = Debug|Any CPU
		{5ED7C147-D375-4E11-A0B8-4FB7692B7C51}.Debug|Any CPU.Build.0 = Debug|Any CPU
		{5ED7C147-D375-4E11-A0B8-4FB7692B7C51}.Release|Any CPU.ActiveCfg = Release|Any CPU
		{5ED7C147-D375-4E11-A0B8-4FB7692B7C51}.Release|Any CPU.Build.0 = Release|Any CPU
	EndGlobalSection
	GlobalSection(SolutionProperties) = preSolution
		HideSolutionNode = FALSE
	EndGlobalSection
	GlobalSection(ExtensibilityGlobals) = postSolution
		SolutionGuid = {2C44620D-2979-4A97-8ACF-6F7C9C9F1F0B}
	EndGlobalSection
EndGlobal
