
Microsoft Visual Studio Solution File, Format Version 12.00
# Visual Studio Version 17
VisualStudioVersion = 17.5.33414.496
MinimumVisualStudioVersion = 10.0.40219.1
Project("{9A19103F-16F7-4668-BE54-9A1E7A4F7556}") = "TranslateFolder", "TranslateFolder.csproj", "{993250E8-8490-4D46-AF9C-A4C0AD890236}"
EndProject
Project("{9A19103F-16F7-4668-BE54-9A1E7A4F7556}") = "FixMetadata", "..\FixMetadata\FixMetadata.csproj", "{41551109-67F4-4833-865C-9E99DB696D0E}"
EndProject
Global
	GlobalSection(SolutionConfigurationPlatforms) = preSolution
		Debug|Any CPU = Debug|Any CPU
		Release|Any CPU = Release|Any CPU
	EndGlobalSection
	GlobalSection(ProjectConfigurationPlatforms) = postSolution
		{993250E8-8490-4D46-AF9C-A4C0AD890236}.Debug|Any CPU.ActiveCfg = Debug|Any CPU
		{993250E8-8490-4D46-AF9C-A4C0AD890236}.Debug|Any CPU.Build.0 = Debug|Any CPU
		{993250E8-8490-4D46-AF9C-A4C0AD890236}.Release|Any CPU.ActiveCfg = Release|Any CPU
		{993250E8-8490-4D46-AF9C-A4C0AD890236}.Release|Any CPU.Build.0 = Release|Any CPU
		{41551109-67F4-4833-865C-9E99DB696D0E}.Debug|Any CPU.ActiveCfg = Debug|Any CPU
		{41551109-67F4-4833-865C-9E99DB696D0E}.Debug|Any CPU.Build.0 = Debug|Any CPU
		{41551109-67F4-4833-865C-9E99DB696D0E}.Release|Any CPU.ActiveCfg = Release|Any CPU
		{41551109-67F4-4833-865C-9E99DB696D0E}.Release|Any CPU.Build.0 = Release|Any CPU
	EndGlobalSection
	GlobalSection(SolutionProperties) = preSolution
		HideSolutionNode = FALSE
	EndGlobalSection
	GlobalSection(ExtensibilityGlobals) = postSolution
		SolutionGuid = {823BE5B3-53E5-46B7-88A1-F92E5DA2CADB}
	EndGlobalSection
EndGlobal
